<Solution>
  <Configurations>
    <Platform Name="Any CPU" />
  </Configurations>
  <Folder Name="/Engine/">
    <Project Path="Engine/Vecxy/Code/Vecxy.Assets/Vecxy.Assets.csproj" />
    <Project Path="Engine/Vecxy/Code/Vecxy.Diagnostics/Vecxy.Diagnostics.csproj" />
    <Project Path="Engine/Vecxy/Code/Vecxy.Engine/Vecxy.Engine.csproj" />
    <Project Path="Engine/Vecxy/Code/Vecxy.Kernel/Vecxy.Kernel.csproj" />
    <Project Path="Engine/Vecxy/Code/Vecxy.Rendering/Vecxy.Rendering.csproj" />
    <Project Path="Engine\Vecxy\Code\Vecxy.Scene\Vecxy.Scene.csproj" Type="Classic C#" />
  </Folder>
  <Folder Name="/Game/">
    <Project Path="Game/Game.csproj" />
  </Folder>
</Solution>