
Microsoft Visual Studio Solution File, Format Version 12.00
# Visual Studio Version 17
VisualStudioVersion = 17.5.2.0
MinimumVisualStudioVersion = 10.0.40219.1
Project("{FAE04EC0-301F-11D3-BF4B-00C04F79EFBC}") = "HardCore.Cultivation", "HardCore.Cultivation\HardCore.Cultivation.csproj", "{5AA760A6-6887-5A0B-279B-10AA92B5830E}"
EndProject
Project("{2150E333-8FDC-42A3-9474-1A3956D46DE8}") = "Engine", "Engine", "{D585295F-7994-3649-1065-7AA403C41681}"
EndProject
Project("{2150E333-8FDC-42A3-9474-1A3956D46DE8}") = "Vecxy", "Vecxy", "{E2DEFB38-7307-4C02-0B30-759FD1233CAD}"
EndProject
Project("{2150E333-8FDC-42A3-9474-1A3956D46DE8}") = "Code", "Code", "{F2ADDF8E-48F6-65AF-B0E0-FFF432B8783B}"
EndProject
Project("{FAE04EC0-301F-11D3-BF4B-00C04F79EFBC}") = "Vecxy.Assets", "Engine\Vecxy\Code\Vecxy.Assets\Vecxy.Assets.csproj", "{8FA9B63F-8E5D-FA60-92F3-B6FD6A06EA18}"
EndProject
Project("{FAE04EC0-301F-11D3-BF4B-00C04F79EFBC}") = "Vecxy.Audio", "Engine\Vecxy\Code\Vecxy.Audio\Vecxy.Audio.csproj", "{EED987CB-0535-6A2E-1CDC-7B7E8CD904C7}"
EndProject
Project("{FAE04EC0-301F-11D3-BF4B-00C04F79EFBC}") = "Vecxy.CLI", "Engine\Vecxy\Code\Vecxy.CLI\Vecxy.CLI.csproj", "{52713D0E-44E2-7364-A8EB-064FABDC7362}"
EndProject
Project("{FAE04EC0-301F-11D3-BF4B-00C04F79EFBC}") = "Vecxy.Diagnostics", "Engine\Vecxy\Code\Vecxy.Diagnostics\Vecxy.Diagnostics.csproj", "{14322A56-8BAB-48FD-0856-10A2CE93F7B2}"
EndProject
Project("{FAE04EC0-301F-11D3-BF4B-00C04F79EFBC}") = "Vecxy.Editor", "Engine\Vecxy\Code\Vecxy.Editor\Vecxy.Editor.csproj", "{044FFFBB-A41E-BC41-4865-3139E15396FC}"
EndProject
Project("{FAE04EC0-301F-11D3-BF4B-00C04F79EFBC}") = "Vecxy.Engine", "Engine\Vecxy\Code\Vecxy.Engine\Vecxy.Engine.csproj", "{7EA28942-E9FB-D401-804B-202F52DD7063}"
EndProject
Project("{FAE04EC0-301F-11D3-BF4B-00C04F79EFBC}") = "Vecxy.Input", "Engine\Vecxy\Code\Vecxy.Input\Vecxy.Input.csproj", "{03D83854-6756-CEE4-C54F-94CF3B658596}"
EndProject
Project("{FAE04EC0-301F-11D3-BF4B-00C04F79EFBC}") = "Vecxy.Kernel", "Engine\Vecxy\Code\Vecxy.Kernel\Vecxy.Kernel.csproj", "{62B2573B-9D53-9DD9-8E19-A80B29CC02C8}"
EndProject
Project("{FAE04EC0-301F-11D3-BF4B-00C04F79EFBC}") = "Vecxy.Physics", "Engine\Vecxy\Code\Vecxy.Physics\Vecxy.Physics.csproj", "{191AE129-F372-B376-9E44-A1F1AE560B03}"
EndProject
Project("{FAE04EC0-301F-11D3-BF4B-00C04F79EFBC}") = "Vecxy.Platforms", "Engine\Vecxy\Code\Vecxy.Platforms\Vecxy.Platforms.csproj", "{F576A866-FC37-0904-37DD-7521BFC5FDB0}"
EndProject
Project("{FAE04EC0-301F-11D3-BF4B-00C04F79EFBC}") = "Vecxy.Platforms.Android", "Engine\Vecxy\Code\Vecxy.Platforms.Android\Vecxy.Platforms.Android.csproj", "{AFD183B9-4D35-15EF-D484-97116590983C}"
EndProject
Project("{FAE04EC0-301F-11D3-BF4B-00C04F79EFBC}") = "Vecxy.Rendering", "Engine\Vecxy\Code\Vecxy.Rendering\Vecxy.Rendering.csproj", "{0E8C4B6D-9B51-F086-1429-F93F56072751}"
EndProject
Project("{FAE04EC0-301F-11D3-BF4B-00C04F79EFBC}") = "Vecxy.Scene", "Engine\Vecxy\Code\Vecxy.Scene\Vecxy.Scene.csproj", "{BBCC0709-6525-D678-91B0-6B153C095AD8}"
EndProject
Project("{FAE04EC0-301F-11D3-BF4B-00C04F79EFBC}") = "Vecxy.UI", "Engine\Vecxy\Code\Vecxy.UI\Vecxy.UI.csproj", "{7753F467-0538-85F7-AF24-B748D155C33E}"
EndProject
Project("{FAE04EC0-301F-11D3-BF4B-00C04F79EFBC}") = "Horror", "Horror\Horror.csproj", "{AF36295C-D06D-479F-BB8D-47BF92C9E2BE}"
EndProject
Project("{FAE04EC0-301F-11D3-BF4B-00C04F79EFBC}") = "Sponza", "Sponza\Sponza.csproj", "{7AB25B23-171C-42D9-B77A-F3B07334472D}"
EndProject
Global
	GlobalSection(SolutionConfigurationPlatforms) = preSolution
		Debug|Any CPU = Debug|Any CPU
		Release|Any CPU = Release|Any CPU
	EndGlobalSection
	GlobalSection(ProjectConfigurationPlatforms) = postSolution
		{5AA760A6-6887-5A0B-279B-10AA92B5830E}.Debug|Any CPU.ActiveCfg = Debug|Any CPU
		{5AA760A6-6887-5A0B-279B-10AA92B5830E}.Debug|Any CPU.Build.0 = Debug|Any CPU
		{5AA760A6-6887-5A0B-279B-10AA92B5830E}.Release|Any CPU.ActiveCfg = Release|Any CPU
		{5AA760A6-6887-5A0B-279B-10AA92B5830E}.Release|Any CPU.Build.0 = Release|Any CPU
		{8FA9B63F-8E5D-FA60-92F3-B6FD6A06EA18}.Debug|Any CPU.ActiveCfg = Debug|Any CPU
		{8FA9B63F-8E5D-FA60-92F3-B6FD6A06EA18}.Debug|Any CPU.Build.0 = Debug|Any CPU
		{8FA9B63F-8E5D-FA60-92F3-B6FD6A06EA18}.Release|Any CPU.ActiveCfg = Release|Any CPU
		{8FA9B63F-8E5D-FA60-92F3-B6FD6A06EA18}.Release|Any CPU.Build.0 = Release|Any CPU
		{EED987CB-0535-6A2E-1CDC-7B7E8CD904C7}.Debug|Any CPU.ActiveCfg = Debug|Any CPU
		{EED987CB-0535-6A2E-1CDC-7B7E8CD904C7}.Debug|Any CPU.Build.0 = Debug|Any CPU
		{EED987CB-0535-6A2E-1CDC-7B7E8CD904C7}.Release|Any CPU.ActiveCfg = Release|Any CPU
		{EED987CB-0535-6A2E-1CDC-7B7E8CD904C7}.Release|Any CPU.Build.0 = Release|Any CPU
		{52713D0E-44E2-7364-A8EB-064FABDC7362}.Debug|Any CPU.ActiveCfg = Debug|Any CPU
		{52713D0E-44E2-7364-A8EB-064FABDC7362}.Debug|Any CPU.Build.0 = Debug|Any CPU
		{52713D0E-44E2-7364-A8EB-064FABDC7362}.Release|Any CPU.ActiveCfg = Release|Any CPU
		{52713D0E-44E2-7364-A8EB-064FABDC7362}.Release|Any CPU.Build.0 = Release|Any CPU
		{14322A56-8BAB-48FD-0856-10A2CE93F7B2}.Debug|Any CPU.ActiveCfg = Debug|Any CPU
		{14322A56-8BAB-48FD-0856-10A2CE93F7B2}.Debug|Any CPU.Build.0 = Debug|Any CPU
		{14322A56-8BAB-48FD-0856-10A2CE93F7B2}.Release|Any CPU.ActiveCfg = Release|Any CPU
		{14322A56-8BAB-48FD-0856-10A2CE93F7B2}.Release|Any CPU.Build.0 = Release|Any CPU
		{044FFFBB-A41E-BC41-4865-3139E15396FC}.Debug|Any CPU.ActiveCfg = Debug|Any CPU
		{044FFFBB-A41E-BC41-4865-3139E15396FC}.Debug|Any CPU.Build.0 = Debug|Any CPU
		{044FFFBB-A41E-BC41-4865-3139E15396FC}.Release|Any CPU.ActiveCfg = Release|Any CPU
		{044FFFBB-A41E-BC41-4865-3139E15396FC}.Release|Any CPU.Build.0 = Release|Any CPU
		{7EA28942-E9FB-D401-804B-202F52DD7063}.Debug|Any CPU.ActiveCfg = Debug|Any CPU
		{7EA28942-E9FB-D401-804B-202F52DD7063}.Debug|Any CPU.Build.0 = Debug|Any CPU
		{7EA28942-E9FB-D401-804B-202F52DD7063}.Release|Any CPU.ActiveCfg = Release|Any CPU
		{7EA28942-E9FB-D401-804B-202F52DD7063}.Release|Any CPU.Build.0 = Release|Any CPU
		{03D83854-6756-CEE4-C54F-94CF3B658596}.Debug|Any CPU.ActiveCfg = Debug|Any CPU
		{03D83854-6756-CEE4-C54F-94CF3B658596}.Debug|Any CPU.Build.0 = Debug|Any CPU
		{03D83854-6756-CEE4-C54F-94CF3B658596}.Release|Any CPU.ActiveCfg = Release|Any CPU
		{03D83854-6756-CEE4-C54F-94CF3B658596}.Release|Any CPU.Build.0 = Release|Any CPU
		{62B2573B-9D53-9DD9-8E19-A80B29CC02C8}.Debug|Any CPU.ActiveCfg = Debug|Any CPU
		{62B2573B-9D53-9DD9-8E19-A80B29CC02C8}.Debug|Any CPU.Build.0 = Debug|Any CPU
		{62B2573B-9D53-9DD9-8E19-A80B29CC02C8}.Release|Any CPU.ActiveCfg = Release|Any CPU
		{62B2573B-9D53-9DD9-8E19-A80B29CC02C8}.Release|Any CPU.Build.0 = Release|Any CPU
		{191AE129-F372-B376-9E44-A1F1AE560B03}.Debug|Any CPU.ActiveCfg = Debug|Any CPU
		{191AE129-F372-B376-9E44-A1F1AE560B03}.Debug|Any CPU.Build.0 = Debug|Any CPU
		{191AE129-F372-B376-9E44-A1F1AE560B03}.Release|Any CPU.ActiveCfg = Release|Any CPU
		{191AE129-F372-B376-9E44-A1F1AE560B03}.Release|Any CPU.Build.0 = Release|Any CPU
		{F576A866-FC37-0904-37DD-7521BFC5FDB0}.Debug|Any CPU.ActiveCfg = Debug|Any CPU
		{F576A866-FC37-0904-37DD-7521BFC5FDB0}.Debug|Any CPU.Build.0 = Debug|Any CPU
		{F576A866-FC37-0904-37DD-7521BFC5FDB0}.Release|Any CPU.ActiveCfg = Release|Any CPU
		{F576A866-FC37-0904-37DD-7521BFC5FDB0}.Release|Any CPU.Build.0 = Release|Any CPU
		{AFD183B9-4D35-15EF-D484-97116590983C}.Debug|Any CPU.ActiveCfg = Debug|Any CPU
		{AFD183B9-4D35-15EF-D484-97116590983C}.Debug|Any CPU.Build.0 = Debug|Any CPU
		{AFD183B9-4D35-15EF-D484-97116590983C}.Release|Any CPU.ActiveCfg = Release|Any CPU
		{AFD183B9-4D35-15EF-D484-97116590983C}.Release|Any CPU.Build.0 = Release|Any CPU
		{0E8C4B6D-9B51-F086-1429-F93F56072751}.Debug|Any CPU.ActiveCfg = Debug|Any CPU
		{0E8C4B6D-9B51-F086-1429-F93F56072751}.Debug|Any CPU.Build.0 = Debug|Any CPU
		{0E8C4B6D-9B51-F086-1429-F93F56072751}.Release|Any CPU.ActiveCfg = Release|Any CPU
		{0E8C4B6D-9B51-F086-1429-F93F56072751}.Release|Any CPU.Build.0 = Release|Any CPU
		{BBCC0709-6525-D678-91B0-6B153C095AD8}.Debug|Any CPU.ActiveCfg = Debug|Any CPU
		{BBCC0709-6525-D678-91B0-6B153C095AD8}.Debug|Any CPU.Build.0 = Debug|Any CPU
		{BBCC0709-6525-D678-91B0-6B153C095AD8}.Release|Any CPU.ActiveCfg = Release|Any CPU
		{BBCC0709-6525-D678-91B0-6B153C095AD8}.Release|Any CPU.Build.0 = Release|Any CPU
		{7753F467-0538-85F7-AF24-B748D155C33E}.Debug|Any CPU.ActiveCfg = Debug|Any CPU
		{7753F467-0538-85F7-AF24-B748D155C33E}.Debug|Any CPU.Build.0 = Debug|Any CPU
		{7753F467-0538-85F7-AF24-B748D155C33E}.Release|Any CPU.ActiveCfg = Release|Any CPU
		{7753F467-0538-85F7-AF24-B748D155C33E}.Release|Any CPU.Build.0 = Release|Any CPU
		{AF36295C-D06D-479F-BB8D-47BF92C9E2BE}.Debug|Any CPU.ActiveCfg = Debug|Any CPU
		{AF36295C-D06D-479F-BB8D-47BF92C9E2BE}.Debug|Any CPU.Build.0 = Debug|Any CPU
		{AF36295C-D06D-479F-BB8D-47BF92C9E2BE}.Release|Any CPU.ActiveCfg = Release|Any CPU
		{AF36295C-D06D-479F-BB8D-47BF92C9E2BE}.Release|Any CPU.Build.0 = Release|Any CPU
		{7AB25B23-171C-42D9-B77A-F3B07334472D}.Debug|Any CPU.ActiveCfg = Debug|Any CPU
		{7AB25B23-171C-42D9-B77A-F3B07334472D}.Debug|Any CPU.Build.0 = Debug|Any CPU
		{7AB25B23-171C-42D9-B77A-F3B07334472D}.Release|Any CPU.ActiveCfg = Release|Any CPU
		{7AB25B23-171C-42D9-B77A-F3B07334472D}.Release|Any CPU.Build.0 = Release|Any CPU
	EndGlobalSection
	GlobalSection(SolutionProperties) = preSolution
		HideSolutionNode = FALSE
	EndGlobalSection
	GlobalSection(NestedProjects) = preSolution
		{E2DEFB38-7307-4C02-0B30-759FD1233CAD} = {D585295F-7994-3649-1065-7AA403C41681}
		{F2ADDF8E-48F6-65AF-B0E0-FFF432B8783B} = {E2DEFB38-7307-4C02-0B30-759FD1233CAD}
		{8FA9B63F-8E5D-FA60-92F3-B6FD6A06EA18} = {F2ADDF8E-48F6-65AF-B0E0-FFF432B8783B}
		{EED987CB-0535-6A2E-1CDC-7B7E8CD904C7} = {F2ADDF8E-48F6-65AF-B0E0-FFF432B8783B}
		{52713D0E-44E2-7364-A8EB-064FABDC7362} = {F2ADDF8E-48F6-65AF-B0E0-FFF432B8783B}
		{14322A56-8BAB-48FD-0856-10A2CE93F7B2} = {F2ADDF8E-48F6-65AF-B0E0-FFF432B8783B}
		{044FFFBB-A41E-BC41-4865-3139E15396FC} = {F2ADDF8E-48F6-65AF-B0E0-FFF432B8783B}
		{7EA28942-E9FB-D401-804B-202F52DD7063} = {F2ADDF8E-48F6-65AF-B0E0-FFF432B8783B}
		{03D83854-6756-CEE4-C54F-94CF3B658596} = {F2ADDF8E-48F6-65AF-B0E0-FFF432B8783B}
		{62B2573B-9D53-9DD9-8E19-A80B29CC02C8} = {F2ADDF8E-48F6-65AF-B0E0-FFF432B8783B}
		{191AE129-F372-B376-9E44-A1F1AE560B03} = {F2ADDF8E-48F6-65AF-B0E0-FFF432B8783B}
		{F576A866-FC37-0904-37DD-7521BFC5FDB0} = {F2ADDF8E-48F6-65AF-B0E0-FFF432B8783B}
		{AFD183B9-4D35-15EF-D484-97116590983C} = {F2ADDF8E-48F6-65AF-B0E0-FFF432B8783B}
		{0E8C4B6D-9B51-F086-1429-F93F56072751} = {F2ADDF8E-48F6-65AF-B0E0-FFF432B8783B}
		{BBCC0709-6525-D678-91B0-6B153C095AD8} = {F2ADDF8E-48F6-65AF-B0E0-FFF432B8783B}
		{7753F467-0538-85F7-AF24-B748D155C33E} = {F2ADDF8E-48F6-65AF-B0E0-FFF432B8783B}
	EndGlobalSection
	GlobalSection(ExtensibilityGlobals) = postSolution
		SolutionGuid = {B1677FD9-AFB7-4E48-BE9D-855C78093E22}
	EndGlobalSection
EndGlobal
